// !$*UTF8*$!
{
	archiveVersion = 1;
	classes = {
	};
	objectVersion = 77;
	objects = {

/* Begin PBXContainerItemProxy section */
		FAA07FE32E7703F500A8E30F /* PBXContainerItemProxy */ = {
			isa = PBXContainerItemProxy;
			containerPortal = FAA07FCD2E7703F400A8E30F /* Project object */;
			proxyType = 1;
			remoteGlobalIDString = FAA07FD42E7703F400A8E30F;
			remoteInfo = appciudad;
		};
		FAA07FED2E7703F500A8E30F /* PBXContainerItemProxy */ = {
			isa = PBXContainerItemProxy;
			containerPortal = FAA07FCD2E7703F400A8E30F /* Project object */;
			proxyType = 1;
			remoteGlobalIDString = FAA07FD42E7703F400A8E30F;
			remoteInfo = appciudad;
		};
/* End PBXContainerItemProxy section */

/* Begin PBXFileReference section */
		FAA07FD52E7703F400A8E30F /* appciudad.app */ = {isa = PBXFileReference; explicitFileType = wrapper.application; includeInIndex = 0; path = appciudad.app; sourceTree = BUILT_PRODUCTS_DIR; };
		FAA07FE22E7703F500A8E30F /* appciudadTests.xctest */ = {isa = PBXFileReference; explicitFileType = wrapper.cfbundle; includeInIndex = 0; path = appciudadTests.xctest; sourceTree = BUILT_PRODUCTS_DIR; };
		FAA07FEC2E7703F500A8E30F /* appciudadUITests.xctest */ = {isa = PBXFileReference; explicitFileType = wrapper.cfbundle; includeInIndex = 0; path = appciudadUITests.xctest; sourceTree = BUILT_PRODUCTS_DIR; };
/* End PBXFileReference section */

/* Begin PBXFileSystemSynchronizedBuildFileExceptionSet section */
		FA7CE8D42E9D598B00E037D7 /* Exceptions for "appciudad" folder in "appciudad" target */ = {
			isa = PBXFileSystemSynchronizedBuildFileExceptionSet;
			membershipExceptions = (
				Info.plist,
			);
			target = FAA07FD42E7703F400A8E30F /* appciudad */;
		};
/* End PBXFileSystemSynchronizedBuildFileExceptionSet section */

/* Begin PBXFileSystemSynchronizedRootGroup section */
		FAA07FD72E7703F400A8E30F /* appciudad */ = {
			isa = PBXFileSystemSynchronizedRootGroup;
			exceptions = (
				FA7CE8D42E9D598B00E037D7 /* Exceptions for "appciudad" folder in "appciudad" target */,
			);
			path = appciudad;
			sourceTree = "<group>";
		};
		FAA07FE52E7703F500A8E30F /* appciudadTests */ = {
			isa = PBXFileSystemSynchronizedRootGroup;
			path = appciudadTests;
			sourceTree = "<group>";
		};
		FAA07FEF2E7703F500A8E30F /* appciudadUITests */ = {
			isa = PBXFileSystemSynchronizedRootGroup;
			path = appciudadUITests;
			sourceTree = "<group>";
		};
/* End PBXFileSystemSynchronizedRootGroup section */

/* Begin PBXFrameworksBuildPhase section */
		FAA07FD22E7703F400A8E30F /* Frameworks */ = {
			isa = PBXFrameworksBuildPhase;
			buildActionMask = 2147483647;
			files = (
			);
			runOnlyForDeploymentPostprocessing = 0;
		};
		FAA07FDF2E7703F500A8E30F /* Frameworks */ = {
			isa = PBXFrameworksBuildPhase;
			buildActionMask = 2147483647;
			files = (
			);
			runOnlyForDeploymentPostprocessing = 0;
		};
		FAA07FE92E7703F500A8E30F /* Frameworks */ = {
			isa = PBXFrameworksBuildPhase;
			buildActionMask = 2147483647;
			files = (
			);
			runOnlyForDeploymentPostprocessing = 0;
		};
/* End PBXFrameworksBuildPhase section */

/* Begin PBXGroup section */
		FAA07FCC2E7703F300A8E30F = {
			isa = PBXGroup;
			children = (
				FAA07FD72E7703F400A8E30F /* appciudad */,
				FAA07FE52E7703F500A8E30F /* appciudadTests */,
				FAA07FEF2E7703F500A8E30F /* appciudadUITests */,
				FAA07FD62E7703F400A8E30F /* Products */,
			);
			sourceTree = "<group>";
		};
		FAA07FD62E7703F400A8E30F /* Products */ = {
			isa = PBXGroup;
			children = (
				FAA07FD52E7703F400A8E30F /* appciudad.app */,
				FAA07FE22E7703F500A8E30F /* appciudadTests.xctest */,
				FAA07FEC2E7703F500A8E30F /* appciudadUITests.xctest */,
			);
			name = Products;
			sourceTree = "<group>";
		};
/* End PBXGroup section */

/* Begin PBXNativeTarget section */
		FAA07FD42E7703F400A8E30F /* appciudad */ = {
			isa = PBXNativeTarget;
			buildConfigurationList = FAA07FF62E7703F500A8E30F /* Build configuration list for PBXNativeTarget "appciudad" */;
			buildPhases = (
				FAA07FD12E7703F400A8E30F /* Sources */,
				FAA07FD22E7703F400A8E30F /* Frameworks */,
				FAA07FD32E7703F400A8E30F /* Resources */,
			);
			buildRules = (
			);
			dependencies = (
			);
			fileSystemSynchronizedGroups = (
				FAA07FD72E7703F400A8E30F /* appciudad */,
			);
			name = appciudad;
			packageProductDependencies = (
			);
			productName = appciudad;
			productReference = FAA07FD52E7703F400A8E30F /* appciudad.app */;
			productType = "com.apple.product-type.application";
		};
		FAA07FE12E7703F500A8E30F /* appciudadTests */ = {
			isa = PBXNativeTarget;
			buildConfigurationList = FAA07FF92E7703F500A8E30F /* Build configuration list for PBXNativeTarget "appciudadTests" */;
			buildPhases = (
				FAA07FDE2E7703F500A8E30F /* Sources */,
				FAA07FDF2E7703F500A8E30F /* Frameworks */,
				FAA07FE02E7703F500A8E30F /* Resources */,
			);
			buildRules = (
			);
			dependencies = (
				FAA07FE42E7703F500A8E30F /* PBXTargetDependency */,
			);
			fileSystemSynchronizedGroups = (
				FAA07FE52E7703F500A8E30F /* appciudadTests */,
			);
			name = appciudadTests;
			packageProductDependencies = (
			);
			productName = appciudadTests;
			productReference = FAA07FE22E7703F500A8E30F /* appciudadTests.xctest */;
			productType = "com.apple.product-type.bundle.unit-test";
		};
		FAA07FEB2E7703F500A8E30F /* appciudadUITests */ = {
			isa = PBXNativeTarget;
			buildConfigurationList = FAA07FFC2E7703F500A8E30F /* Build configuration list for PBXNativeTarget "appciudadUITests" */;
			buildPhases = (
				FAA07FE82E7703F500A8E30F /* Sources */,
				FAA07FE92E7703F500A8E30F /* Frameworks */,
				FAA07FEA2E7703F500A8E30F /* Resources */,
			);
			buildRules = (
			);
			dependencies = (
				FAA07FEE2E7703F500A8E30F /* PBXTargetDependency */,
			);
			fileSystemSynchronizedGroups = (
				FAA07FEF2E7703F500A8E30F /* appciudadUITests */,
			);
			name = appciudadUITests;
			packageProductDependencies = (
			);
			productName = appciudadUITests;
			productReference = FAA07FEC2E7703F500A8E30F /* appciudadUITests.xctest */;
			productType = "com.apple.product-type.bundle.ui-testing";
		};
/* End PBXNativeTarget section */

/* Begin PBXProject section */
		FAA07FCD2E7703F400A8E30F /* Project object */ = {
			isa = PBXProject;
			attributes = {
				BuildIndependentTargetsInParallel = 1;
				LastSwiftUpdateCheck = 1640;
				LastUpgradeCheck = 1640;
				TargetAttributes = {
					FAA07FD42E7703F400A8E30F = {
						CreatedOnToolsVersion = 16.4;
					};
					FAA07FE12E7703F500A8E30F = {
						CreatedOnToolsVersion = 16.4;
						TestTargetID = FAA07FD42E7703F400A8E30F;
					};
					FAA07FEB2E7703F500A8E30F = {
						CreatedOnToolsVersion = 16.4;
						TestTargetID = FAA07FD42E7703F400A8E30F;
					};
				};
			};
			buildConfigurationList = FAA07FD02E7703F400A8E30F /* Build configuration list for PBXProject "appciudad" */;
			developmentRegion = en;
			hasScannedForEncodings = 0;
			knownRegions = (
				en,
				Base,
			);
			mainGroup = FAA07FCC2E7703F300A8E30F;
			minimizedProjectReferenceProxies = 1;
			preferredProjectObjectVersion = 77;
			productRefGroup = FAA07FD62E7703F400A8E30F /* Products */;
			projectDirPath = "";
			projectRoot = "";
			targets = (
				FAA07FD42E7703F400A8E30F /* appciudad */,
				FAA07FE12E7703F500A8E30F /* appciudadTests */,
				FAA07FEB2E7703F500A8E30F /* appciudadUITests */,
			);
		};
/* End PBXProject section */

/* Begin PBXResourcesBuildPhase section */
		FAA07FD32E7703F400A8E30F /* Resources */ = {
			isa = PBXResourcesBuildPhase;
			buildActionMask = 2147483647;
			files = (
			);
			runOnlyForDeploymentPostprocessing = 0;
		};
		FAA07FE02E7703F500A8E30F /* Resources */ = {
			isa = PBXResourcesBuildPhase;
			buildActionMask = 2147483647;
			files = (
			);
			runOnlyForDeploymentPostprocessing = 0;
		};
		FAA07FEA2E7703F500A8E30F /* Resources */ = {
			isa = PBXResourcesBuildPhase;
			buildActionMask = 2147483647;
			files = (
			);
			runOnlyForDeploymentPostprocessing = 0;
		};
/* End PBXResourcesBuildPhase section */

/* Begin PBXSourcesBuildPhase section */
		FAA07FD12E7703F400A8E30F /* Sources */ = {
			isa = PBXSourcesBuildPhase;
			buildActionMask = 2147483647;
			files = (
			);
			runOnlyForDeploymentPostprocessing = 0;
		};
		FAA07FDE2E7703F500A8E30F /* Sources */ = {
			isa = PBXSourcesBuildPhase;
			buildActionMask = 2147483647;
			files = (
			);
			runOnlyForDeploymentPostprocessing = 0;
		};
		FAA07FE82E7703F500A8E30F /* Sources */ = {
			isa = PBXSourcesBuildPhase;
			buildActionMask = 2147483647;
			files = (
			);
			runOnlyForDeploymentPostprocessing = 0;
		};
/* End PBXSourcesBuildPhase section */

/* Begin PBXTargetDependency section */
		FAA07FE42E7703F500A8E30F /* PBXTargetDependency */ = {
			isa = PBXTargetDependency;
			target = FAA07FD42E7703F400A8E30F /* appciudad */;
			targetProxy = FAA07FE32E7703F500A8E30F /* PBXContainerItemProxy */;
		};
		FAA07FEE2E7703F500A8E30F /* PBXTargetDependency */ = {
			isa = PBXTargetDependency;
			target = FAA07FD42E7703F400A8E30F /* appciudad */;
			targetProxy = FAA07FED2E7703F500A8E30F /* PBXContainerItemProxy */;
		};
/* End PBXTargetDependency section */

/* Begin XCBuildConfiguration section */
		FAA07FF42E7703F500A8E30F /* Debug */ = {
			isa = XCBuildConfiguration;
			buildSettings = {
				ALWAYS_SEARCH_USER_PATHS = NO;
				ASSETCATALOG_COMPILER_GENERATE_SWIFT_ASSET_SYMBOL_EXTENSIONS = YES;
				CLANG_ANALYZER_NONNULL = YES;
				CLANG_ANALYZER_NUMBER_OBJECT_CONVERSION = YES_AGGRESSIVE;
				CLANG_CXX_LANGUAGE_STANDARD = "gnu++20";
				CLANG_ENABLE_MODULES = YES;
				CLANG_ENABLE_OBJC_ARC = YES;
				CLANG_ENABLE_OBJC_WEAK = YES;
				CLANG_WARN_BLOCK_CAPTURE_AUTORELEASING = YES;
				CLANG_WARN_BOOL_CONVERSION = YES;
				CLANG_WARN_COMMA = YES;
				CLANG_WARN_CONSTANT_CONVERSION = YES;
				CLANG_WARN_DEPRECATED_OBJC_IMPLEMENTATIONS = YES;
				CLANG_WARN_DIRECT_OBJC_ISA_USAGE = YES_ERROR;
				CLANG_WARN_DOCUMENTATION_COMMENTS = YES;
				CLANG_WARN_EMPTY_BODY = YES;
				CLANG_WARN_ENUM_CONVERSION = YES;
				CLANG_WARN_INFINITE_RECURSION = YES;
				CLANG_WARN_INT_CONVERSION = YES;
				CLANG_WARN_NON_LITERAL_NULL_CONVERSION = YES;
				CLANG_WARN_OBJC_IMPLICIT_RETAIN_SELF = YES;
				CLANG_WARN_OBJC_LITERAL_CONVERSION = YES;
				CLANG_WARN_OBJC_ROOT_CLASS = YES_ERROR;
				CLANG_WARN_QUOTED_INCLUDE_IN_FRAMEWORK_HEADER = YES;
				CLANG_WARN_RANGE_LOOP_ANALYSIS = YES;
				CLANG_WARN_STRICT_PROTOTYPES = YES;
				CLANG_WARN_SUSPICIOUS_MOVE = YES;
				CLANG_WARN_UNGUARDED_AVAILABILITY = YES_AGGRESSIVE;
				CLANG_WARN_UNREACHABLE_CODE = YES;
				CLANG_WARN__DUPLICATE_METHOD_MATCH = YES;
				COPY_PHASE_STRIP = NO;
				DEBUG_INFORMATION_FORMAT = dwarf;
				ENABLE_STRICT_OBJC_MSGSEND = YES;
				ENABLE_TESTABILITY = YES;
				ENABLE_USER_SCRIPT_SANDBOXING = YES;
				GCC_C_LANGUAGE_STANDARD = gnu17;
				GCC_DYNAMIC_NO_PIC = NO;
				GCC_NO_COMMON_BLOCKS = YES;
				GCC_OPTIMIZATION_LEVEL = 0;
				GCC_PREPROCESSOR_DEFINITIONS = (
					"DEBUG=1",
					"$(inherited)",
				);
				GCC_WARN_64_TO_32_BIT_CONVERSION = YES;
				GCC_WARN_ABOUT_RETURN_TYPE = YES_ERROR;
				GCC_WARN_UNDECLARED_SELECTOR = YES;
				GCC_WARN_UNINITIALIZED_AUTOS = YES_AGGRESSIVE;
				GCC_WARN_UNUSED_FUNCTION = YES;
				GCC_WARN_UNUSED_VARIABLE = YES;
				IPHONEOS_DEPLOYMENT_TARGET = 18.5;
				LOCALIZATION_PREFERS_STRING_CATALOGS = YES;
				MTL_ENABLE_DEBUG_INFO = INCLUDE_SOURCE;
				MTL_FAST_MATH = YES;
				ONLY_ACTIVE_ARCH = YES;
				SDKROOT = iphoneos;
				SWIFT_ACTIVE_COMPILATION_CONDITIONS = "DEBUG $(inherited)";
				SWIFT_OPTIMIZATION_LEVEL = "-Onone";
			};
			name = Debug;
		};
		FAA07FF52E7703F500A8E30F /* Release */ = {
			isa = XCBuildConfiguration;
			buildSettings = {
				ALWAYS_SEARCH_USER_PATHS = NO;
				ASSETCATALOG_COMPILER_GENERATE_SWIFT_ASSET_SYMBOL_EXTENSIONS = YES;
				CLANG_ANALYZER_NONNULL = YES;
				CLANG_ANALYZER_NUMBER_OBJECT_CONVERSION = YES_AGGRESSIVE;
				CLANG_CXX_LANGUAGE_STANDARD = "gnu++20";
				CLANG_ENABLE_MODULES = YES;
				CLANG_ENABLE_OBJC_ARC = YES;
				CLANG_ENABLE_OBJC_WEAK = YES;
				CLANG_WARN_BLOCK_CAPTURE_AUTORELEASING = YES;
				CLANG_WARN_BOOL_CONVERSION = YES;
				CLANG_WARN_COMMA = YES;
				CLANG_WARN_CONSTANT_CONVERSION = YES;
				CLANG_WARN_DEPRECATED_OBJC_IMPLEMENTATIONS = YES;
				CLANG_WARN_DIRECT_OBJC_ISA_USAGE = YES_ERROR;
				CLANG_WARN_DOCUMENTATION_COMMENTS = YES;
				CLANG_WARN_EMPTY_BODY = YES;
				CLANG_WARN_ENUM_CONVERSION = YES;
				CLANG_WARN_INFINITE_RECURSION = YES;
				CLANG_WARN_INT_CONVERSION = YES;
				CLANG_WARN_NON_LITERAL_NULL_CONVERSION = YES;
				CLANG_WARN_OBJC_IMPLICIT_RETAIN_SELF = YES;
				CLANG_WARN_OBJC_LITERAL_CONVERSION = YES;
				CLANG_WARN_OBJC_ROOT_CLASS = YES_ERROR;
				CLANG_WARN_QUOTED_INCLUDE_IN_FRAMEWORK_HEADER = YES;
				CLANG_WARN_RANGE_LOOP_ANALYSIS = YES;
				CLANG_WARN_STRICT_PROTOTYPES = YES;
				CLANG_WARN_SUSPICIOUS_MOVE = YES;
				CLANG_WARN_UNGUARDED_AVAILABILITY = YES_AGGRESSIVE;
				CLANG_WARN_UNREACHABLE_CODE = YES;
				CLANG_WARN__DUPLICATE_METHOD_MATCH = YES;
				COPY_PHASE_STRIP = NO;
				DEBUG_INFORMATION_FORMAT = "dwarf-with-dsym";
				ENABLE_NS_ASSERTIONS = NO;
				ENABLE_STRICT_OBJC_MSGSEND = YES;
				ENABLE_USER_SCRIPT_SANDBOXING = YES;
				GCC_C_LANGUAGE_STANDARD = gnu17;
				GCC_NO_COMMON_BLOCKS = YES;
				GCC_WARN_64_TO_32_BIT_CONVERSION = YES;
				GCC_WARN_ABOUT_RETURN_TYPE = YES_ERROR;
				GCC_WARN_UNDECLARED_SELECTOR = YES;
				GCC_WARN_UNINITIALIZED_AUTOS = YES_AGGRESSIVE;
				GCC_WARN_UNUSED_FUNCTION = YES;
				GCC_WARN_UNUSED_VARIABLE = YES;
				IPHONEOS_DEPLOYMENT_TARGET = 18.5;
				LOCALIZATION_PREFERS_STRING_CATALOGS = YES;
				MTL_ENABLE_DEBUG_INFO = NO;
				MTL_FAST_MATH = YES;
				SDKROOT = iphoneos;
				SWIFT_COMPILATION_MODE = wholemodule;
				VALIDATE_PRODUCT = YES;
			};
			name = Release;
		};
		FAA07FF72E7703F500A8E30F /* Debug */ = {
			isa = XCBuildConfiguration;
			buildSettings = {
				ASSETCATALOG_COMPILER_APPICON_NAME = AppIcon;
				ASSETCATALOG_COMPILER_GLOBAL_ACCENT_COLOR_NAME = AccentColor;
				CODE_SIGN_STYLE = Automatic;
				CURRENT_PROJECT_VERSION = 1;
				ENABLE_PREVIEWS = YES;
				GENERATE_INFOPLIST_FILE = YES;
				INFOPLIST_FILE = appciudad/Info.plist;
				INFOPLIST_KEY_UIApplicationSceneManifest_Generation = YES;
				INFOPLIST_KEY_UIApplicationSupportsIndirectInputEvents = YES;
				INFOPLIST_KEY_UILaunchScreen_Generation = YES;
				INFOPLIST_KEY_UISupportedInterfaceOrientations_iPad = "UIInterfaceOrientationPortrait UIInterfaceOrientationPortraitUpsideDown UIInterfaceOrientationLandscapeLeft UIInterfaceOrientationLandscapeRight";
				INFOPLIST_KEY_UISupportedInterfaceOrientations_iPhone = "UIInterfaceOrientationPortrait UIInterfaceOrientationLandscapeLeft UIInterfaceOrientationLandscapeRight";
				LD_RUNPATH_SEARCH_PATHS = (
					"$(inherited)",
					"@executable_path/Frameworks",
				);
				MARKETING_VERSION = 1.0;
				PRODUCT_BUNDLE_IDENTIFIER = co.gov.arranquilla.appciudad;
				PRODUCT_NAME = "$(TARGET_NAME)";
				SWIFT_EMIT_LOC_STRINGS = YES;
				SWIFT_VERSION = 5.0;
				TARGETED_DEVICE_FAMILY = "1,2";
			};
			name = Debug;
		};
		FAA07FF82E7703F500A8E30F /* Release */ = {
			isa = XCBuildConfiguration;
			buildSettings = {
				ASSETCATALOG_COMPILER_APPICON_NAME = AppIcon;
				ASSETCATALOG_COMPILER_GLOBAL_ACCENT_COLOR_NAME = AccentColor;
				CODE_SIGN_STYLE = Automatic;
				CURRENT_PROJECT_VERSION = 1;
				ENABLE_PREVIEWS = YES;
				GENERATE_INFOPLIST_FILE = YES;
				INFOPLIST_FILE = appciudad/Info.plist;
				INFOPLIST_KEY_UIApplicationSceneManifest_Generation = YES;
				INFOPLIST_KEY_UIApplicationSupportsIndirectInputEvents = YES;
				INFOPLIST_KEY_UILaunchScreen_Generation = YES;
				INFOPLIST_KEY_UISupportedInterfaceOrientations_iPad = "UIInterfaceOrientationPortrait UIInterfaceOrientationPortraitUpsideDown UIInterfaceOrientationLandscapeLeft UIInterfaceOrientationLandscapeRight";
				INFOPLIST_KEY_UISupportedInterfaceOrientations_iPhone = "UIInterfaceOrientationPortrait UIInterfaceOrientationLandscapeLeft UIInterfaceOrientationLandscapeRight";
				LD_RUNPATH_SEARCH_PATHS = (
					"$(inherited)",
					"@executable_path/Frameworks",
				);
				MARKETING_VERSION = 1.0;
				PRODUCT_BUNDLE_IDENTIFIER = co.gov.arranquilla.appciudad;
				PRODUCT_NAME = "$(TARGET_NAME)";
				SWIFT_EMIT_LOC_STRINGS = YES;
				SWIFT_VERSION = 5.0;
				TARGETED_DEVICE_FAMILY = "1,2";
			};
			name = Release;
		};
		FAA07FFA2E7703F500A8E30F /* Debug */ = {
			isa = XCBuildConfiguration;
			buildSettings = {
				BUNDLE_LOADER = "$(TEST_HOST)";
				CODE_SIGN_STYLE = Automatic;
				CURRENT_PROJECT_VERSION = 1;
				GENERATE_INFOPLIST_FILE = YES;
				IPHONEOS_DEPLOYMENT_TARGET = 18.5;
				MARKETING_VERSION = 1.0;
				PRODUCT_BUNDLE_IDENTIFIER = co.gov.arranquilla.appciudadTests;
				PRODUCT_NAME = "$(TARGET_NAME)";
				SWIFT_EMIT_LOC_STRINGS = NO;
				SWIFT_VERSION = 5.0;
				TARGETED_DEVICE_FAMILY = "1,2";
				TEST_HOST = "$(BUILT_PRODUCTS_DIR)/appciudad.app/$(BUNDLE_EXECUTABLE_FOLDER_PATH)/appciudad";
			};
			name = Debug;
		};
		FAA07FFB2E7703F500A8E30F /* Release */ = {
			isa = XCBuildConfiguration;
			buildSettings = {
				BUNDLE_LOADER = "$(TEST_HOST)";
				CODE_SIGN_STYLE = Automatic;
				CURRENT_PROJECT_VERSION = 1;
				GENERATE_INFOPLIST_FILE = YES;
				IPHONEOS_DEPLOYMENT_TARGET = 18.5;
				MARKETING_VERSION = 1.0;
				PRODUCT_BUNDLE_IDENTIFIER = co.gov.arranquilla.appciudadTests;
				PRODUCT_NAME = "$(TARGET_NAME)";
				SWIFT_EMIT_LOC_STRINGS = NO;
				SWIFT_VERSION = 5.0;
				TARGETED_DEVICE_FAMILY = "1,2";
				TEST_HOST = "$(BUILT_PRODUCTS_DIR)/appciudad.app/$(BUNDLE_EXECUTABLE_FOLDER_PATH)/appciudad";
			};
			name = Release;
		};
		FAA07FFD2E7703F500A8E30F /* Debug */ = {
			isa = XCBuildConfiguration;
			buildSettings = {
				CODE_SIGN_STYLE = Automatic;
				CURRENT_PROJECT_VERSION = 1;
				GENERATE_INFOPLIST_FILE = YES;
				MARKETING_VERSION = 1.0;
				PRODUCT_BUNDLE_IDENTIFIER = co.gov.arranquilla.appciudadUITests;
				PRODUCT_NAME = "$(TARGET_NAME)";
				SWIFT_EMIT_LOC_STRINGS = NO;
				SWIFT_VERSION = 5.0;
				TARGETED_DEVICE_FAMILY = "1,2";
				TEST_TARGET_NAME = appciudad;
			};
			name = Debug;
		};
		FAA07FFE2E7703F500A8E30F /* Release */ = {
			isa = XCBuildConfiguration;
			buildSettings = {
				CODE_SIGN_STYLE = Automatic;
				CURRENT_PROJECT_VERSION = 1;
				GENERATE_INFOPLIST_FILE = YES;
				MARKETING_VERSION = 1.0;
				PRODUCT_BUNDLE_IDENTIFIER = co.gov.arranquilla.appciudadUITests;
				PRODUCT_NAME = "$(TARGET_NAME)";
				SWIFT_EMIT_LOC_STRINGS = NO;
				SWIFT_VERSION = 5.0;
				TARGETED_DEVICE_FAMILY = "1,2";
				TEST_TARGET_NAME = appciudad;
			};
			name = Release;
		};
/* End XCBuildConfiguration section */

/* Begin XCConfigurationList section */
		FAA07FD02E7703F400A8E30F /* Build configuration list for PBXProject "appciudad" */ = {
			isa = XCConfigurationList;
			buildConfigurations = (
				FAA07FF42E7703F500A8E30F /* Debug */,
				FAA07FF52E7703F500A8E30F /* Release */,
			);
			defaultConfigurationIsVisible = 0;
			defaultConfigurationName = Release;
		};
		FAA07FF62E7703F500A8E30F /* Build configuration list for PBXNativeTarget "appciudad" */ = {
			isa = XCConfigurationList;
			buildConfigurations = (
				FAA07FF72E7703F500A8E30F /* Debug */,
				FAA07FF82E7703F500A8E30F /* Release */,
			);
			defaultConfigurationIsVisible = 0;
			defaultConfigurationName = Release;
		};
		FAA07FF92E7703F500A8E30F /* Build configuration list for PBXNativeTarget "appciudadTests" */ = {
			isa = XCConfigurationList;
			buildConfigurations = (
				FAA07FFA2E7703F500A8E30F /* Debug */,
				FAA07FFB2E7703F500A8E30F /* Release */,
			);
			defaultConfigurationIsVisible = 0;
			defaultConfigurationName = Release;
		};
		FAA07FFC2E7703F500A8E30F /* Build configuration list for PBXNativeTarget "appciudadUITests" */ = {
			isa = XCConfigurationList;
			buildConfigurations = (
				FAA07FFD2E7703F500A8E30F /* Debug */,
				FAA07FFE2E7703F500A8E30F /* Release */,
			);
			defaultConfigurationIsVisible = 0;
			defaultConfigurationName = Release;
		};
/* End XCConfigurationList section */
	};
	rootObject = FAA07FCD2E7703F400A8E30F /* Project object */;
}
